
Microsoft Visual Studio Solution File, Format Version 12.00
# Visual Studio Version 17
VisualStudioVersion = 17.0.31903.59
MinimumVisualStudioVersion = 10.0.40219.1
Project("{2150E333-8FDC-42A3-9474-1A3956D46DE8}") = "src", "src", "{72D872E7-3143-408B-B53B-328EBA60023C}"
EndProject
Project("{FAE04EC0-301F-11D3-BF4B-00C04F79EFBC}") = "DomainBase", "src\DomainBase\DomainBase.csproj", "{3C09B1EB-4970-4FE4-B35F-E4544C13FAD7}"
EndProject
Project("{2150E333-8FDC-42A3-9474-1A3956D46DE8}") = "tests", "tests", "{2645F823-AC81-4B92-A660-5C36544D27A5}"
EndProject
Project("{FAE04EC0-301F-11D3-BF4B-00C04F79EFBC}") = "DomainBase.Tests", "tests\DomainBase.Tests\DomainBase.Tests.csproj", "{1556DF62-9EB7-4378-8D7C-1CEB8AB30083}"
EndProject
Project("{FAE04EC0-301F-11D3-BF4B-00C04F79EFBC}") = "DomainBase.Generators", "src\DomainBase.Generators\DomainBase.Generators.csproj", "{15C14BB1-3300-46D0-B5C9-0BD7F33A8D02}"
EndProject
Project("{FAE04EC0-301F-11D3-BF4B-00C04F79EFBC}") = "DomainBase.Generators.Tests", "tests\DomainBase.Generators.Tests\DomainBase.Generators.Tests.csproj", "{C3963135-643F-453D-BA8D-6182EC7C30D3}"
EndProject
Project("{FAE04EC0-301F-11D3-BF4B-00C04F79EFBC}") = "DomainBase.Analyzers", "src\DomainBase.Analyzers\DomainBase.Analyzers.csproj", "{B5C7D6B5-7E0E-4B26-9D84-2D6B6E1A6A42}"
EndProject
Project("{FAE04EC0-301F-11D3-BF4B-00C04F79EFBC}") = "DomainBase.Analyzers.Tests", "tests\DomainBase.Analyzers.Tests\DomainBase.Analyzers.Tests.csproj", "{6B5E3BD9-DC52-4F33-9CE6-6E6737E281C7}"
EndProject
Project("{FAE04EC0-301F-11D3-BF4B-00C04F79EFBC}") = "DomainBase.CodeFixes.Tests", "tests\DomainBase.CodeFixes.Tests\DomainBase.CodeFixes.Tests.csproj", "{2B1A80AC-1E93-4B77-94B1-8B74B7D6E5C2}"
EndProject
Global
	GlobalSection(SolutionConfigurationPlatforms) = preSolution
		Debug|Any CPU = Debug|Any CPU
		Release|Any CPU = Release|Any CPU
	EndGlobalSection
	GlobalSection(SolutionProperties) = preSolution
		HideSolutionNode = FALSE
	EndGlobalSection
	GlobalSection(ProjectConfigurationPlatforms) = postSolution
		{3C09B1EB-4970-4FE4-B35F-E4544C13FAD7}.Debug|Any CPU.ActiveCfg = Debug|Any CPU
		{3C09B1EB-4970-4FE4-B35F-E4544C13FAD7}.Debug|Any CPU.Build.0 = Debug|Any CPU
		{3C09B1EB-4970-4FE4-B35F-E4544C13FAD7}.Release|Any CPU.ActiveCfg = Release|Any CPU
		{3C09B1EB-4970-4FE4-B35F-E4544C13FAD7}.Release|Any CPU.Build.0 = Release|Any CPU
		{1556DF62-9EB7-4378-8D7C-1CEB8AB30083}.Debug|Any CPU.ActiveCfg = Debug|Any CPU
		{1556DF62-9EB7-4378-8D7C-1CEB8AB30083}.Debug|Any CPU.Build.0 = Debug|Any CPU
		{1556DF62-9EB7-4378-8D7C-1CEB8AB30083}.Release|Any CPU.ActiveCfg = Release|Any CPU
		{1556DF62-9EB7-4378-8D7C-1CEB8AB30083}.Release|Any CPU.Build.0 = Release|Any CPU
		{15C14BB1-3300-46D0-B5C9-0BD7F33A8D02}.Debug|Any CPU.ActiveCfg = Debug|Any CPU
		{15C14BB1-3300-46D0-B5C9-0BD7F33A8D02}.Debug|Any CPU.Build.0 = Debug|Any CPU
		{15C14BB1-3300-46D0-B5C9-0BD7F33A8D02}.Release|Any CPU.ActiveCfg = Release|Any CPU
		{15C14BB1-3300-46D0-B5C9-0BD7F33A8D02}.Release|Any CPU.Build.0 = Release|Any CPU
		{C3963135-643F-453D-BA8D-6182EC7C30D3}.Debug|Any CPU.ActiveCfg = Debug|Any CPU
		{C3963135-643F-453D-BA8D-6182EC7C30D3}.Debug|Any CPU.Build.0 = Debug|Any CPU
		{C3963135-643F-453D-BA8D-6182EC7C30D3}.Release|Any CPU.ActiveCfg = Release|Any CPU
		{C3963135-643F-453D-BA8D-6182EC7C30D3}.Release|Any CPU.Build.0 = Release|Any CPU
		{B5C7D6B5-7E0E-4B26-9D84-2D6B6E1A6A42}.Debug|Any CPU.ActiveCfg = Debug|Any CPU
		{B5C7D6B5-7E0E-4B26-9D84-2D6B6E1A6A42}.Debug|Any CPU.Build.0 = Debug|Any CPU
		{B5C7D6B5-7E0E-4B26-9D84-2D6B6E1A6A42}.Release|Any CPU.ActiveCfg = Release|Any CPU
		{B5C7D6B5-7E0E-4B26-9D84-2D6B6E1A6A42}.Release|Any CPU.Build.0 = Release|Any CPU
		{6B5E3BD9-DC52-4F33-9CE6-6E6737E281C7}.Debug|Any CPU.ActiveCfg = Debug|Any CPU
		{6B5E3BD9-DC52-4F33-9CE6-6E6737E281C7}.Debug|Any CPU.Build.0 = Debug|Any CPU
		{6B5E3BD9-DC52-4F33-9CE6-6E6737E281C7}.Release|Any CPU.ActiveCfg = Release|Any CPU
		{6B5E3BD9-DC52-4F33-9CE6-6E6737E281C7}.Release|Any CPU.Build.0 = Release|Any CPU
		{2B1A80AC-1E93-4B77-94B1-8B74B7D6E5C2}.Debug|Any CPU.ActiveCfg = Debug|Any CPU
		{2B1A80AC-1E93-4B77-94B1-8B74B7D6E5C2}.Debug|Any CPU.Build.0 = Debug|Any CPU
		{2B1A80AC-1E93-4B77-94B1-8B74B7D6E5C2}.Release|Any CPU.ActiveCfg = Release|Any CPU
		{2B1A80AC-1E93-4B77-94B1-8B74B7D6E5C2}.Release|Any CPU.Build.0 = Release|Any CPU
	EndGlobalSection
	GlobalSection(NestedProjects) = preSolution
		{3C09B1EB-4970-4FE4-B35F-E4544C13FAD7} = {72D872E7-3143-408B-B53B-328EBA60023C}
		{1556DF62-9EB7-4378-8D7C-1CEB8AB30083} = {2645F823-AC81-4B92-A660-5C36544D27A5}
		{15C14BB1-3300-46D0-B5C9-0BD7F33A8D02} = {72D872E7-3143-408B-B53B-328EBA60023C}
		{C3963135-643F-453D-BA8D-6182EC7C30D3} = {2645F823-AC81-4B92-A660-5C36544D27A5}
        {B5C7D6B5-7E0E-4B26-9D84-2D6B6E1A6A42} = {72D872E7-3143-408B-B53B-328EBA60023C}
        {6B5E3BD9-DC52-4F33-9CE6-6E6737E281C7} = {2645F823-AC81-4B92-A660-5C36544D27A5}
        {2B1A80AC-1E93-4B77-94B1-8B74B7D6E5C2} = {2645F823-AC81-4B92-A660-5C36544D27A5}
	EndGlobalSection
EndGlobal
